
Microsoft Visual Studio Solution File, Format Version 12.00
# Visual Studio 14
VisualStudioVersion = 14.0.25420.1
MinimumVisualStudioVersion = 10.0.40219.1
Project("{FAE04EC0-301F-11D3-BF4B-00C04F79EFBC}") = "OOPTesting", "OOPTesting\OOPTesting.csproj", "{D82F2FA8-196E-4672-9422-43F4D0D10492}"
EndProject
Global
	GlobalSection(SolutionConfigurationPlatforms) = preSolution
		Debug|Any CPU = Debug|Any CPU
		Release|Any CPU = Release|Any CPU
	EndGlobalSection
	GlobalSection(ProjectConfigurationPlatforms) = postSolution
		{D82F2FA8-196E-4672-9422-43F4D0D10492}.Debug|Any CPU.ActiveCfg = Debug|Any CPU
		{D82F2FA8-196E-4672-9422-43F4D0D10492}.Debug|Any CPU.Build.0 = Debug|Any CPU
		{D82F2FA8-196E-4672-9422-43F4D0D10492}.Release|Any CPU.ActiveCfg = Release|Any CPU
		{D82F2FA8-196E-4672-9422-43F4D0D10492}.Release|Any CPU.Build.0 = Release|Any CPU
	EndGlobalSection
	GlobalSection(SolutionProperties) = preSolution
		HideSolutionNode = FALSE
	EndGlobalSection
EndGlobal
